// !$*UTF8*$!
{
	archiveVersion = 1;
	classes = {
	};
	objectVersion = 55;
	objects = {

/* Begin PBXBuildFile section */
		4D6B109EC1229792C677A38E /* Pods_PokemonApi15_PokemonApi15UITests.framework in Frameworks */ = {isa = PBXBuildFile; fileRef = 4D41B27397E3F6E86429E0BC /* Pods_PokemonApi15_PokemonApi15UITests.framework */; };
		943C054F280AF4B50099A440 /* AppDelegate.swift in Sources */ = {isa = PBXBuildFile; fileRef = 943C054E280AF4B50099A440 /* AppDelegate.swift */; };
		943C0551280AF4B50099A440 /* SceneDelegate.swift in Sources */ = {isa = PBXBuildFile; fileRef = 943C0550280AF4B50099A440 /* SceneDelegate.swift */; };
		943C0553280AF4B50099A440 /* PokemonListViewController.swift in Sources */ = {isa = PBXBuildFile; fileRef = 943C0552280AF4B50099A440 /* PokemonListViewController.swift */; };
		943C0556280AF4B50099A440 /* Main.storyboard in Resources */ = {isa = PBXBuildFile; fileRef = 943C0554280AF4B50099A440 /* Main.storyboard */; };
		943C0558280AF4B70099A440 /* Assets.xcassets in Resources */ = {isa = PBXBuildFile; fileRef = 943C0557280AF4B70099A440 /* Assets.xcassets */; };
		943C055B280AF4B70099A440 /* LaunchScreen.storyboard in Resources */ = {isa = PBXBuildFile; fileRef = 943C0559280AF4B70099A440 /* LaunchScreen.storyboard */; };
		943C0566280AF4B70099A440 /* PokemonApi15Tests.swift in Sources */ = {isa = PBXBuildFile; fileRef = 943C0565280AF4B70099A440 /* PokemonApi15Tests.swift */; };
		943C0570280AF4B70099A440 /* PokemonApi15UITests.swift in Sources */ = {isa = PBXBuildFile; fileRef = 943C056F280AF4B70099A440 /* PokemonApi15UITests.swift */; };
		943C0572280AF4B70099A440 /* PokemonApi15UITestsLaunchTests.swift in Sources */ = {isa = PBXBuildFile; fileRef = 943C0571280AF4B70099A440 /* PokemonApi15UITestsLaunchTests.swift */; };
		943C0585280AF6280099A440 /* PokemonList.swift in Sources */ = {isa = PBXBuildFile; fileRef = 943C0584280AF6280099A440 /* PokemonList.swift */; };
		943C0587280AF6670099A440 /* Result.swift in Sources */ = {isa = PBXBuildFile; fileRef = 943C0586280AF6670099A440 /* Result.swift */; };
		943C0589280AF6C30099A440 /* DetailPokemon.swift in Sources */ = {isa = PBXBuildFile; fileRef = 943C0588280AF6C30099A440 /* DetailPokemon.swift */; };
		943C058B280AF7340099A440 /* TypeElement.swift in Sources */ = {isa = PBXBuildFile; fileRef = 943C058A280AF7340099A440 /* TypeElement.swift */; };
		943C058D280AF7420099A440 /* Stat.swift in Sources */ = {isa = PBXBuildFile; fileRef = 943C058C280AF7420099A440 /* Stat.swift */; };
		943C058F280AF7550099A440 /* OfficialArtwork.swift in Sources */ = {isa = PBXBuildFile; fileRef = 943C058E280AF7550099A440 /* OfficialArtwork.swift */; };
		943C0591280AF7680099A440 /* Other.swift in Sources */ = {isa = PBXBuildFile; fileRef = 943C0590280AF7680099A440 /* Other.swift */; };
		943C0593280AF77B0099A440 /* GenerationViii.swift in Sources */ = {isa = PBXBuildFile; fileRef = 943C0592280AF77B0099A440 /* GenerationViii.swift */; };
		943C0595280AF78E0099A440 /* DreamWorld.swift in Sources */ = {isa = PBXBuildFile; fileRef = 943C0594280AF78E0099A440 /* DreamWorld.swift */; };
		943C0597280AF7A40099A440 /* GenerationVii.swift in Sources */ = {isa = PBXBuildFile; fileRef = 943C0596280AF7A40099A440 /* GenerationVii.swift */; };
		943C0599280AF7D00099A440 /* Home.swift in Sources */ = {isa = PBXBuildFile; fileRef = 943C0598280AF7D00099A440 /* Home.swift */; };
		943C059B280AF7E10099A440 /* Emerald.swift in Sources */ = {isa = PBXBuildFile; fileRef = 943C059A280AF7E00099A440 /* Emerald.swift */; };
		943C059D280AF7F50099A440 /* GenerationIii.swift in Sources */ = {isa = PBXBuildFile; fileRef = 943C059C280AF7F50099A440 /* GenerationIii.swift */; };
		943C059F280AF8060099A440 /* Gold.swift in Sources */ = {isa = PBXBuildFile; fileRef = 943C059E280AF8060099A440 /* Gold.swift */; };
		943C05A1280AF81B0099A440 /* Crystal.swift in Sources */ = {isa = PBXBuildFile; fileRef = 943C05A0280AF81B0099A440 /* Crystal.swift */; };
		943C05A3280AF82F0099A440 /* GenerationIi.swift in Sources */ = {isa = PBXBuildFile; fileRef = 943C05A2280AF82F0099A440 /* GenerationIi.swift */; };
		943C05A5280AF8400099A440 /* RedBlue.swift in Sources */ = {isa = PBXBuildFile; fileRef = 943C05A4280AF8400099A440 /* RedBlue.swift */; };
		943C05A7280AF86B0099A440 /* GenerationI.swift in Sources */ = {isa = PBXBuildFile; fileRef = 943C05A6280AF86B0099A440 /* GenerationI.swift */; };
		943C05A9280AF8800099A440 /* Sprites.swift in Sources */ = {isa = PBXBuildFile; fileRef = 943C05A8280AF8800099A440 /* Sprites.swift */; };
		943C05AB280AF8930099A440 /* Versions.swift in Sources */ = {isa = PBXBuildFile; fileRef = 943C05AA280AF8930099A440 /* Versions.swift */; };
		943C05AD280AF8AA0099A440 /* GenerationIv.swift in Sources */ = {isa = PBXBuildFile; fileRef = 943C05AC280AF8AA0099A440 /* GenerationIv.swift */; };
		943C05AF280AF8BD0099A440 /* GenerationV.swift in Sources */ = {isa = PBXBuildFile; fileRef = 943C05AE280AF8BD0099A440 /* GenerationV.swift */; };
		943C05B1280AF8D10099A440 /* VersionGroupDetail.swift in Sources */ = {isa = PBXBuildFile; fileRef = 943C05B0280AF8D10099A440 /* VersionGroupDetail.swift */; };
		943C05B3280AF8E40099A440 /* Move.swift in Sources */ = {isa = PBXBuildFile; fileRef = 943C05B2280AF8E40099A440 /* Move.swift */; };
		943C05B5280AF8F90099A440 /* GameIndex.swift in Sources */ = {isa = PBXBuildFile; fileRef = 943C05B4280AF8F90099A440 /* GameIndex.swift */; };
		943C05B7280AF90A0099A440 /* Species.swift in Sources */ = {isa = PBXBuildFile; fileRef = 943C05B6280AF90A0099A440 /* Species.swift */; };
		943C05B9280AF91E0099A440 /* Ability.swift in Sources */ = {isa = PBXBuildFile; fileRef = 943C05B8280AF91E0099A440 /* Ability.swift */; };
		94493E8E2814343500D85E43 /* Request.swift in Sources */ = {isa = PBXBuildFile; fileRef = 94493E8D2814343500D85E43 /* Request.swift */; };
		94493E902814350700D85E43 /* PokemonListController.swift in Sources */ = {isa = PBXBuildFile; fileRef = 94493E8F2814350700D85E43 /* PokemonListController.swift */; };
		94493E942814364600D85E43 /* PokemonListTableViewCell.swift in Sources */ = {isa = PBXBuildFile; fileRef = 94493E922814364600D85E43 /* PokemonListTableViewCell.swift */; };
		94493E952814364600D85E43 /* PokemonListTableViewCell.xib in Resources */ = {isa = PBXBuildFile; fileRef = 94493E932814364600D85E43 /* PokemonListTableViewCell.xib */; };
		94493E9728143BD700D85E43 /* DetailPokemonController.swift in Sources */ = {isa = PBXBuildFile; fileRef = 94493E9628143BD700D85E43 /* DetailPokemonController.swift */; };
		94493E9B281454B400D85E43 /* DetailPokemonViewController.swift in Sources */ = {isa = PBXBuildFile; fileRef = 94493E9A281454B400D85E43 /* DetailPokemonViewController.swift */; };
		94493E9D2814943D00D85E43 /* LoginRequest.swift in Sources */ = {isa = PBXBuildFile; fileRef = 94493E9C2814943D00D85E43 /* LoginRequest.swift */; };
		94493E9F2814958400D85E43 /* LoginRequestController.swift in Sources */ = {isa = PBXBuildFile; fileRef = 94493E9E2814958400D85E43 /* LoginRequestController.swift */; };
		94761BBC2814F9D400EBFF40 /* LoginViewController.swift in Sources */ = {isa = PBXBuildFile; fileRef = 94761BBB2814F9D400EBFF40 /* LoginViewController.swift */; };
		AE11107A96B518606407659D /* Pods_PokemonApi15Tests.framework in Frameworks */ = {isa = PBXBuildFile; fileRef = 18A3F91FF4B2D39C887A8912 /* Pods_PokemonApi15Tests.framework */; };
		BC47382C066AE0BB7048242D /* Pods_PokemonApi15.framework in Frameworks */ = {isa = PBXBuildFile; fileRef = 8D451D3D28132841A6B44BD4 /* Pods_PokemonApi15.framework */; };
/* End PBXBuildFile section */

/* Begin PBXContainerItemProxy section */
		943C0562280AF4B70099A440 /* PBXContainerItemProxy */ = {
			isa = PBXContainerItemProxy;
			containerPortal = 943C0543280AF4B40099A440 /* Project object */;
			proxyType = 1;
			remoteGlobalIDString = 943C054A280AF4B40099A440;
			remoteInfo = PokemonApi15;
		};
		943C056C280AF4B70099A440 /* PBXContainerItemProxy */ = {
			isa = PBXContainerItemProxy;
			containerPortal = 943C0543280AF4B40099A440 /* Project object */;
			proxyType = 1;
			remoteGlobalIDString = 943C054A280AF4B40099A440;
			remoteInfo = PokemonApi15;
		};
/* End PBXContainerItemProxy section */

/* Begin PBXFileReference section */
		18A3F91FF4B2D39C887A8912 /* Pods_PokemonApi15Tests.framework */ = {isa = PBXFileReference; explicitFileType = wrapper.framework; includeInIndex = 0; path = Pods_PokemonApi15Tests.framework; sourceTree = BUILT_PRODUCTS_DIR; };
		1C108722983FA44D6913C0BE /* Pods-PokemonApi15-PokemonApi15UITests.release.xcconfig */ = {isa = PBXFileReference; includeInIndex = 1; lastKnownFileType = text.xcconfig; name = "Pods-PokemonApi15-PokemonApi15UITests.release.xcconfig"; path = "Target Support Files/Pods-PokemonApi15-PokemonApi15UITests/Pods-PokemonApi15-PokemonApi15UITests.release.xcconfig"; sourceTree = "<group>"; };
		2F7752E6EFB72E323FA2231C /* Pods-PokemonApi15-PokemonApi15UITests.debug.xcconfig */ = {isa = PBXFileReference; includeInIndex = 1; lastKnownFileType = text.xcconfig; name = "Pods-PokemonApi15-PokemonApi15UITests.debug.xcconfig"; path = "Target Support Files/Pods-PokemonApi15-PokemonApi15UITests/Pods-PokemonApi15-PokemonApi15UITests.debug.xcconfig"; sourceTree = "<group>"; };
		313A55A07323F1C9802B9A32 /* Pods-PokemonApi15Tests.release.xcconfig */ = {isa = PBXFileReference; includeInIndex = 1; lastKnownFileType = text.xcconfig; name = "Pods-PokemonApi15Tests.release.xcconfig"; path = "Target Support Files/Pods-PokemonApi15Tests/Pods-PokemonApi15Tests.release.xcconfig"; sourceTree = "<group>"; };
		380DF346888B5A0ABF1F502A /* Pods-PokemonApi15.release.xcconfig */ = {isa = PBXFileReference; includeInIndex = 1; lastKnownFileType = text.xcconfig; name = "Pods-PokemonApi15.release.xcconfig"; path = "Target Support Files/Pods-PokemonApi15/Pods-PokemonApi15.release.xcconfig"; sourceTree = "<group>"; };
		4D41B27397E3F6E86429E0BC /* Pods_PokemonApi15_PokemonApi15UITests.framework */ = {isa = PBXFileReference; explicitFileType = wrapper.framework; includeInIndex = 0; path = Pods_PokemonApi15_PokemonApi15UITests.framework; sourceTree = BUILT_PRODUCTS_DIR; };
		8D451D3D28132841A6B44BD4 /* Pods_PokemonApi15.framework */ = {isa = PBXFileReference; explicitFileType = wrapper.framework; includeInIndex = 0; path = Pods_PokemonApi15.framework; sourceTree = BUILT_PRODUCTS_DIR; };
		943C054B280AF4B50099A440 /* PokemonApi15.app */ = {isa = PBXFileReference; explicitFileType = wrapper.application; includeInIndex = 0; path = PokemonApi15.app; sourceTree = BUILT_PRODUCTS_DIR; };
		943C054E280AF4B50099A440 /* AppDelegate.swift */ = {isa = PBXFileReference; lastKnownFileType = sourcecode.swift; path = AppDelegate.swift; sourceTree = "<group>"; };
		943C0550280AF4B50099A440 /* SceneDelegate.swift */ = {isa = PBXFileReference; lastKnownFileType = sourcecode.swift; path = SceneDelegate.swift; sourceTree = "<group>"; };
		943C0552280AF4B50099A440 /* PokemonListViewController.swift */ = {isa = PBXFileReference; lastKnownFileType = sourcecode.swift; path = PokemonListViewController.swift; sourceTree = "<group>"; };
		943C0555280AF4B50099A440 /* Base */ = {isa = PBXFileReference; lastKnownFileType = file.storyboard; name = Base; path = Base.lproj/Main.storyboard; sourceTree = "<group>"; };
		943C0557280AF4B70099A440 /* Assets.xcassets */ = {isa = PBXFileReference; lastKnownFileType = folder.assetcatalog; path = Assets.xcassets; sourceTree = "<group>"; };
		943C055A280AF4B70099A440 /* Base */ = {isa = PBXFileReference; lastKnownFileType = file.storyboard; name = Base; path = Base.lproj/LaunchScreen.storyboard; sourceTree = "<group>"; };
		943C055C280AF4B70099A440 /* Info.plist */ = {isa = PBXFileReference; lastKnownFileType = text.plist.xml; path = Info.plist; sourceTree = "<group>"; };
		943C0561280AF4B70099A440 /* PokemonApi15Tests.xctest */ = {isa = PBXFileReference; explicitFileType = wrapper.cfbundle; includeInIndex = 0; path = PokemonApi15Tests.xctest; sourceTree = BUILT_PRODUCTS_DIR; };
		943C0565280AF4B70099A440 /* PokemonApi15Tests.swift */ = {isa = PBXFileReference; lastKnownFileType = sourcecode.swift; path = PokemonApi15Tests.swift; sourceTree = "<group>"; };
		943C056B280AF4B70099A440 /* PokemonApi15UITests.xctest */ = {isa = PBXFileReference; explicitFileType = wrapper.cfbundle; includeInIndex = 0; path = PokemonApi15UITests.xctest; sourceTree = BUILT_PRODUCTS_DIR; };
		943C056F280AF4B70099A440 /* PokemonApi15UITests.swift */ = {isa = PBXFileReference; lastKnownFileType = sourcecode.swift; path = PokemonApi15UITests.swift; sourceTree = "<group>"; };
		943C0571280AF4B70099A440 /* PokemonApi15UITestsLaunchTests.swift */ = {isa = PBXFileReference; lastKnownFileType = sourcecode.swift; path = PokemonApi15UITestsLaunchTests.swift; sourceTree = "<group>"; };
		943C0584280AF6280099A440 /* PokemonList.swift */ = {isa = PBXFileReference; lastKnownFileType = sourcecode.swift; path = PokemonList.swift; sourceTree = "<group>"; };
		943C0586280AF6670099A440 /* Result.swift */ = {isa = PBXFileReference; lastKnownFileType = sourcecode.swift; path = Result.swift; sourceTree = "<group>"; };
		943C0588280AF6C30099A440 /* DetailPokemon.swift */ = {isa = PBXFileReference; lastKnownFileType = sourcecode.swift; path = DetailPokemon.swift; sourceTree = "<group>"; };
		943C058A280AF7340099A440 /* TypeElement.swift */ = {isa = PBXFileReference; lastKnownFileType = sourcecode.swift; path = TypeElement.swift; sourceTree = "<group>"; };
		943C058C280AF7420099A440 /* Stat.swift */ = {isa = PBXFileReference; lastKnownFileType = sourcecode.swift; path = Stat.swift; sourceTree = "<group>"; };
		943C058E280AF7550099A440 /* OfficialArtwork.swift */ = {isa = PBXFileReference; lastKnownFileType = sourcecode.swift; path = OfficialArtwork.swift; sourceTree = "<group>"; };
		943C0590280AF7680099A440 /* Other.swift */ = {isa = PBXFileReference; lastKnownFileType = sourcecode.swift; path = Other.swift; sourceTree = "<group>"; };
		943C0592280AF77B0099A440 /* GenerationViii.swift */ = {isa = PBXFileReference; lastKnownFileType = sourcecode.swift; path = GenerationViii.swift; sourceTree = "<group>"; };
		943C0594280AF78E0099A440 /* DreamWorld.swift */ = {isa = PBXFileReference; lastKnownFileType = sourcecode.swift; path = DreamWorld.swift; sourceTree = "<group>"; };
		943C0596280AF7A40099A440 /* GenerationVii.swift */ = {isa = PBXFileReference; lastKnownFileType = sourcecode.swift; path = GenerationVii.swift; sourceTree = "<group>"; };
		943C0598280AF7D00099A440 /* Home.swift */ = {isa = PBXFileReference; lastKnownFileType = sourcecode.swift; path = Home.swift; sourceTree = "<group>"; };
		943C059A280AF7E00099A440 /* Emerald.swift */ = {isa = PBXFileReference; lastKnownFileType = sourcecode.swift; path = Emerald.swift; sourceTree = "<group>"; };
		943C059C280AF7F50099A440 /* GenerationIii.swift */ = {isa = PBXFileReference; lastKnownFileType = sourcecode.swift; path = GenerationIii.swift; sourceTree = "<group>"; };
		943C059E280AF8060099A440 /* Gold.swift */ = {isa = PBXFileReference; lastKnownFileType = sourcecode.swift; path = Gold.swift; sourceTree = "<group>"; };
		943C05A0280AF81B0099A440 /* Crystal.swift */ = {isa = PBXFileReference; lastKnownFileType = sourcecode.swift; path = Crystal.swift; sourceTree = "<group>"; };
		943C05A2280AF82F0099A440 /* GenerationIi.swift */ = {isa = PBXFileReference; lastKnownFileType = sourcecode.swift; path = GenerationIi.swift; sourceTree = "<group>"; };
		943C05A4280AF8400099A440 /* RedBlue.swift */ = {isa = PBXFileReference; lastKnownFileType = sourcecode.swift; path = RedBlue.swift; sourceTree = "<group>"; };
		943C05A6280AF86B0099A440 /* GenerationI.swift */ = {isa = PBXFileReference; lastKnownFileType = sourcecode.swift; path = GenerationI.swift; sourceTree = "<group>"; };
		943C05A8280AF8800099A440 /* Sprites.swift */ = {isa = PBXFileReference; lastKnownFileType = sourcecode.swift; path = Sprites.swift; sourceTree = "<group>"; };
		943C05AA280AF8930099A440 /* Versions.swift */ = {isa = PBXFileReference; lastKnownFileType = sourcecode.swift; path = Versions.swift; sourceTree = "<group>"; };
		943C05AC280AF8AA0099A440 /* GenerationIv.swift */ = {isa = PBXFileReference; lastKnownFileType = sourcecode.swift; path = GenerationIv.swift; sourceTree = "<group>"; };
		943C05AE280AF8BD0099A440 /* GenerationV.swift */ = {isa = PBXFileReference; lastKnownFileType = sourcecode.swift; path = GenerationV.swift; sourceTree = "<group>"; };
		943C05B0280AF8D10099A440 /* VersionGroupDetail.swift */ = {isa = PBXFileReference; lastKnownFileType = sourcecode.swift; path = VersionGroupDetail.swift; sourceTree = "<group>"; };
		943C05B2280AF8E40099A440 /* Move.swift */ = {isa = PBXFileReference; lastKnownFileType = sourcecode.swift; path = Move.swift; sourceTree = "<group>"; };
		943C05B4280AF8F90099A440 /* GameIndex.swift */ = {isa = PBXFileReference; lastKnownFileType = sourcecode.swift; path = GameIndex.swift; sourceTree = "<group>"; };
		943C05B6280AF90A0099A440 /* Species.swift */ = {isa = PBXFileReference; lastKnownFileType = sourcecode.swift; path = Species.swift; sourceTree = "<group>"; };
		943C05B8280AF91E0099A440 /* Ability.swift */ = {isa = PBXFileReference; lastKnownFileType = sourcecode.swift; path = Ability.swift; sourceTree = "<group>"; };
		94493E8D2814343500D85E43 /* Request.swift */ = {isa = PBXFileReference; lastKnownFileType = sourcecode.swift; path = Request.swift; sourceTree = "<group>"; };
		94493E8F2814350700D85E43 /* PokemonListController.swift */ = {isa = PBXFileReference; lastKnownFileType = sourcecode.swift; path = PokemonListController.swift; sourceTree = "<group>"; };
		94493E922814364600D85E43 /* PokemonListTableViewCell.swift */ = {isa = PBXFileReference; lastKnownFileType = sourcecode.swift; path = PokemonListTableViewCell.swift; sourceTree = "<group>"; };
		94493E932814364600D85E43 /* PokemonListTableViewCell.xib */ = {isa = PBXFileReference; lastKnownFileType = file.xib; path = PokemonListTableViewCell.xib; sourceTree = "<group>"; };
		94493E9628143BD700D85E43 /* DetailPokemonController.swift */ = {isa = PBXFileReference; lastKnownFileType = sourcecode.swift; path = DetailPokemonController.swift; sourceTree = "<group>"; };
		94493E9A281454B400D85E43 /* DetailPokemonViewController.swift */ = {isa = PBXFileReference; lastKnownFileType = sourcecode.swift; path = DetailPokemonViewController.swift; sourceTree = "<group>"; };
		94493E9C2814943D00D85E43 /* LoginRequest.swift */ = {isa = PBXFileReference; lastKnownFileType = sourcecode.swift; path = LoginRequest.swift; sourceTree = "<group>"; };
		94493E9E2814958400D85E43 /* LoginRequestController.swift */ = {isa = PBXFileReference; lastKnownFileType = sourcecode.swift; path = LoginRequestController.swift; sourceTree = "<group>"; };
		94761BBB2814F9D400EBFF40 /* LoginViewController.swift */ = {isa = PBXFileReference; lastKnownFileType = sourcecode.swift; path = LoginViewController.swift; sourceTree = "<group>"; };
		D8D7021A85FA7BFBF46BB2C3 /* Pods-PokemonApi15.debug.xcconfig */ = {isa = PBXFileReference; includeInIndex = 1; lastKnownFileType = text.xcconfig; name = "Pods-PokemonApi15.debug.xcconfig"; path = "Target Support Files/Pods-PokemonApi15/Pods-PokemonApi15.debug.xcconfig"; sourceTree = "<group>"; };
		E8E41CB865B46686FAB35941 /* Pods-PokemonApi15Tests.debug.xcconfig */ = {isa = PBXFileReference; includeInIndex = 1; lastKnownFileType = text.xcconfig; name = "Pods-PokemonApi15Tests.debug.xcconfig"; path = "Target Support Files/Pods-PokemonApi15Tests/Pods-PokemonApi15Tests.debug.xcconfig"; sourceTree = "<group>"; };
/* End PBXFileReference section */

/* Begin PBXFrameworksBuildPhase section */
		943C0548280AF4B40099A440 /* Frameworks */ = {
			isa = PBXFrameworksBuildPhase;
			buildActionMask = 2147483647;
			files = (
				BC47382C066AE0BB7048242D /* Pods_PokemonApi15.framework in Frameworks */,
			);
			runOnlyForDeploymentPostprocessing = 0;
		};
		943C055E280AF4B70099A440 /* Frameworks */ = {
			isa = PBXFrameworksBuildPhase;
			buildActionMask = 2147483647;
			files = (
				AE11107A96B518606407659D /* Pods_PokemonApi15Tests.framework in Frameworks */,
			);
			runOnlyForDeploymentPostprocessing = 0;
		};
		943C0568280AF4B70099A440 /* Frameworks */ = {
			isa = PBXFrameworksBuildPhase;
			buildActionMask = 2147483647;
			files = (
				4D6B109EC1229792C677A38E /* Pods_PokemonApi15_PokemonApi15UITests.framework in Frameworks */,
			);
			runOnlyForDeploymentPostprocessing = 0;
		};
/* End PBXFrameworksBuildPhase section */

/* Begin PBXGroup section */
		0A56EEF1EF260CA3827799D5 /* Pods */ = {
			isa = PBXGroup;
			children = (
				D8D7021A85FA7BFBF46BB2C3 /* Pods-PokemonApi15.debug.xcconfig */,
				380DF346888B5A0ABF1F502A /* Pods-PokemonApi15.release.xcconfig */,
				2F7752E6EFB72E323FA2231C /* Pods-PokemonApi15-PokemonApi15UITests.debug.xcconfig */,
				1C108722983FA44D6913C0BE /* Pods-PokemonApi15-PokemonApi15UITests.release.xcconfig */,
				E8E41CB865B46686FAB35941 /* Pods-PokemonApi15Tests.debug.xcconfig */,
				313A55A07323F1C9802B9A32 /* Pods-PokemonApi15Tests.release.xcconfig */,
			);
			path = Pods;
			sourceTree = "<group>";
		};
		943C0542280AF4B40099A440 = {
			isa = PBXGroup;
			children = (
				943C054D280AF4B50099A440 /* PokemonApi15 */,
				943C0564280AF4B70099A440 /* PokemonApi15Tests */,
				943C056E280AF4B70099A440 /* PokemonApi15UITests */,
				943C054C280AF4B50099A440 /* Products */,
				0A56EEF1EF260CA3827799D5 /* Pods */,
				F028F15F2EE6F65BAFCCA53C /* Frameworks */,
			);
			sourceTree = "<group>";
		};
		943C054C280AF4B50099A440 /* Products */ = {
			isa = PBXGroup;
			children = (
				943C054B280AF4B50099A440 /* PokemonApi15.app */,
				943C0561280AF4B70099A440 /* PokemonApi15Tests.xctest */,
				943C056B280AF4B70099A440 /* PokemonApi15UITests.xctest */,
			);
			name = Products;
			sourceTree = "<group>";
		};
		943C054D280AF4B50099A440 /* PokemonApi15 */ = {
			isa = PBXGroup;
			children = (
				943C054E280AF4B50099A440 /* AppDelegate.swift */,
				943C0550280AF4B50099A440 /* SceneDelegate.swift */,
				943C055C280AF4B70099A440 /* Info.plist */,
				943C0583280AF5670099A440 /* Request */,
				943C0582280AF5640099A440 /* Resources */,
				943C0581280AF5620099A440 /* Storyboard */,
				943C0580280AF55F0099A440 /* Model */,
				943C057F280AF55D0099A440 /* View */,
				943C057E280AF55A0099A440 /* Controller */,
			);
			path = PokemonApi15;
			sourceTree = "<group>";
		};
		943C0564280AF4B70099A440 /* PokemonApi15Tests */ = {
			isa = PBXGroup;
			children = (
				943C0565280AF4B70099A440 /* PokemonApi15Tests.swift */,
			);
			path = PokemonApi15Tests;
			sourceTree = "<group>";
		};
		943C056E280AF4B70099A440 /* PokemonApi15UITests */ = {
			isa = PBXGroup;
			children = (
				943C056F280AF4B70099A440 /* PokemonApi15UITests.swift */,
				943C0571280AF4B70099A440 /* PokemonApi15UITestsLaunchTests.swift */,
			);
			path = PokemonApi15UITests;
			sourceTree = "<group>";
		};
		943C057E280AF55A0099A440 /* Controller */ = {
			isa = PBXGroup;
			children = (
				94493E8F2814350700D85E43 /* PokemonListController.swift */,
				94493E9628143BD700D85E43 /* DetailPokemonController.swift */,
				94493E9E2814958400D85E43 /* LoginRequestController.swift */,
			);
			path = Controller;
			sourceTree = "<group>";
		};
		943C057F280AF55D0099A440 /* View */ = {
			isa = PBXGroup;
			children = (
				943C0552280AF4B50099A440 /* PokemonListViewController.swift */,
				94493E9A281454B400D85E43 /* DetailPokemonViewController.swift */,
				94761BBB2814F9D400EBFF40 /* LoginViewController.swift */,
				94493E912814363100D85E43 /* Cell */,
			);
			path = View;
			sourceTree = "<group>";
		};
		943C0580280AF55F0099A440 /* Model */ = {
			isa = PBXGroup;
			children = (
				943C0584280AF6280099A440 /* PokemonList.swift */,
				943C0586280AF6670099A440 /* Result.swift */,
				943C0588280AF6C30099A440 /* DetailPokemon.swift */,
				943C058A280AF7340099A440 /* TypeElement.swift */,
				943C058C280AF7420099A440 /* Stat.swift */,
				943C058E280AF7550099A440 /* OfficialArtwork.swift */,
				943C0590280AF7680099A440 /* Other.swift */,
				943C0592280AF77B0099A440 /* GenerationViii.swift */,
				943C0594280AF78E0099A440 /* DreamWorld.swift */,
				943C0596280AF7A40099A440 /* GenerationVii.swift */,
				943C0598280AF7D00099A440 /* Home.swift */,
				943C059A280AF7E00099A440 /* Emerald.swift */,
				943C059C280AF7F50099A440 /* GenerationIii.swift */,
				943C059E280AF8060099A440 /* Gold.swift */,
				943C05A0280AF81B0099A440 /* Crystal.swift */,
				943C05A2280AF82F0099A440 /* GenerationIi.swift */,
				943C05A4280AF8400099A440 /* RedBlue.swift */,
				943C05A6280AF86B0099A440 /* GenerationI.swift */,
				943C05A8280AF8800099A440 /* Sprites.swift */,
				943C05AA280AF8930099A440 /* Versions.swift */,
				943C05AC280AF8AA0099A440 /* GenerationIv.swift */,
				943C05AE280AF8BD0099A440 /* GenerationV.swift */,
				943C05B0280AF8D10099A440 /* VersionGroupDetail.swift */,
				943C05B2280AF8E40099A440 /* Move.swift */,
				943C05B4280AF8F90099A440 /* GameIndex.swift */,
				943C05B6280AF90A0099A440 /* Species.swift */,
				943C05B8280AF91E0099A440 /* Ability.swift */,
			);
			path = Model;
			sourceTree = "<group>";
		};
		943C0581280AF5620099A440 /* Storyboard */ = {
			isa = PBXGroup;
			children = (
				943C0554280AF4B50099A440 /* Main.storyboard */,
			);
			path = Storyboard;
			sourceTree = "<group>";
		};
		943C0582280AF5640099A440 /* Resources */ = {
			isa = PBXGroup;
			children = (
				943C0557280AF4B70099A440 /* Assets.xcassets */,
				943C0559280AF4B70099A440 /* LaunchScreen.storyboard */,
			);
			path = Resources;
			sourceTree = "<group>";
		};
		943C0583280AF5670099A440 /* Request */ = {
			isa = PBXGroup;
			children = (
				94493E8D2814343500D85E43 /* Request.swift */,
				94493E9C2814943D00D85E43 /* LoginRequest.swift */,
			);
			path = Request;
			sourceTree = "<group>";
		};
		94493E912814363100D85E43 /* Cell */ = {
			isa = PBXGroup;
			children = (
				94493E922814364600D85E43 /* PokemonListTableViewCell.swift */,
				94493E932814364600D85E43 /* PokemonListTableViewCell.xib */,
			);
			path = Cell;
			sourceTree = "<group>";
		};
		F028F15F2EE6F65BAFCCA53C /* Frameworks */ = {
			isa = PBXGroup;
			children = (
				8D451D3D28132841A6B44BD4 /* Pods_PokemonApi15.framework */,
				4D41B27397E3F6E86429E0BC /* Pods_PokemonApi15_PokemonApi15UITests.framework */,
				18A3F91FF4B2D39C887A8912 /* Pods_PokemonApi15Tests.framework */,
			);
			name = Frameworks;
			sourceTree = "<group>";
		};
/* End PBXGroup section */

/* Begin PBXNativeTarget section */
		943C054A280AF4B40099A440 /* PokemonApi15 */ = {
			isa = PBXNativeTarget;
			buildConfigurationList = 943C0575280AF4B70099A440 /* Build configuration list for PBXNativeTarget "PokemonApi15" */;
			buildPhases = (
				5F99D62DC3C6A31484308195 /* [CP] Check Pods Manifest.lock */,
				943C0547280AF4B40099A440 /* Sources */,
				943C0548280AF4B40099A440 /* Frameworks */,
				943C0549280AF4B40099A440 /* Resources */,
				4C0CEFBFCAD404E5463E9947 /* [CP] Embed Pods Frameworks */,
			);
			buildRules = (
			);
			dependencies = (
			);
			name = PokemonApi15;
			productName = PokemonApi15;
			productReference = 943C054B280AF4B50099A440 /* PokemonApi15.app */;
			productType = "com.apple.product-type.application";
		};
		943C0560280AF4B70099A440 /* PokemonApi15Tests */ = {
			isa = PBXNativeTarget;
			buildConfigurationList = 943C0578280AF4B70099A440 /* Build configuration list for PBXNativeTarget "PokemonApi15Tests" */;
			buildPhases = (
				4DFE7B406B598949B4941641 /* [CP] Check Pods Manifest.lock */,
				943C055D280AF4B70099A440 /* Sources */,
				943C055E280AF4B70099A440 /* Frameworks */,
				943C055F280AF4B70099A440 /* Resources */,
			);
			buildRules = (
			);
			dependencies = (
				943C0563280AF4B70099A440 /* PBXTargetDependency */,
			);
			name = PokemonApi15Tests;
			productName = PokemonApi15Tests;
			productReference = 943C0561280AF4B70099A440 /* PokemonApi15Tests.xctest */;
			productType = "com.apple.product-type.bundle.unit-test";
		};
		943C056A280AF4B70099A440 /* PokemonApi15UITests */ = {
			isa = PBXNativeTarget;
			buildConfigurationList = 943C057B280AF4B70099A440 /* Build configuration list for PBXNativeTarget "PokemonApi15UITests" */;
			buildPhases = (
				4B98708C7AFBA64CD2DFBF70 /* [CP] Check Pods Manifest.lock */,
				943C0567280AF4B70099A440 /* Sources */,
				943C0568280AF4B70099A440 /* Frameworks */,
				943C0569280AF4B70099A440 /* Resources */,
				0C33E2EC25071CDB93370B8A /* [CP] Embed Pods Frameworks */,
			);
			buildRules = (
			);
			dependencies = (
				943C056D280AF4B70099A440 /* PBXTargetDependency */,
			);
			name = PokemonApi15UITests;
			productName = PokemonApi15UITests;
			productReference = 943C056B280AF4B70099A440 /* PokemonApi15UITests.xctest */;
			productType = "com.apple.product-type.bundle.ui-testing";
		};
/* End PBXNativeTarget section */

/* Begin PBXProject section */
		943C0543280AF4B40099A440 /* Project object */ = {
			isa = PBXProject;
			attributes = {
				BuildIndependentTargetsInParallel = 1;
				LastSwiftUpdateCheck = 1330;
				LastUpgradeCheck = 1330;
				TargetAttributes = {
					943C054A280AF4B40099A440 = {
						CreatedOnToolsVersion = 13.3.1;
					};
					943C0560280AF4B70099A440 = {
						CreatedOnToolsVersion = 13.3.1;
						TestTargetID = 943C054A280AF4B40099A440;
					};
					943C056A280AF4B70099A440 = {
						CreatedOnToolsVersion = 13.3.1;
						TestTargetID = 943C054A280AF4B40099A440;
					};
				};
			};
			buildConfigurationList = 943C0546280AF4B40099A440 /* Build configuration list for PBXProject "PokemonApi15" */;
			compatibilityVersion = "Xcode 13.0";
			developmentRegion = en;
			hasScannedForEncodings = 0;
			knownRegions = (
				en,
				Base,
			);
			mainGroup = 943C0542280AF4B40099A440;
			productRefGroup = 943C054C280AF4B50099A440 /* Products */;
			projectDirPath = "";
			projectRoot = "";
			targets = (
				943C054A280AF4B40099A440 /* PokemonApi15 */,
				943C0560280AF4B70099A440 /* PokemonApi15Tests */,
				943C056A280AF4B70099A440 /* PokemonApi15UITests */,
			);
		};
/* End PBXProject section */

/* Begin PBXResourcesBuildPhase section */
		943C0549280AF4B40099A440 /* Resources */ = {
			isa = PBXResourcesBuildPhase;
			buildActionMask = 2147483647;
			files = (
				943C055B280AF4B70099A440 /* LaunchScreen.storyboard in Resources */,
				94493E952814364600D85E43 /* PokemonListTableViewCell.xib in Resources */,
				943C0558280AF4B70099A440 /* Assets.xcassets in Resources */,
				943C0556280AF4B50099A440 /* Main.storyboard in Resources */,
			);
			runOnlyForDeploymentPostprocessing = 0;
		};
		943C055F280AF4B70099A440 /* Resources */ = {
			isa = PBXResourcesBuildPhase;
			buildActionMask = 2147483647;
			files = (
			);
			runOnlyForDeploymentPostprocessing = 0;
		};
		943C0569280AF4B70099A440 /* Resources */ = {
			isa = PBXResourcesBuildPhase;
			buildActionMask = 2147483647;
			files = (
			);
			runOnlyForDeploymentPostprocessing = 0;
		};
/* End PBXResourcesBuildPhase section */

/* Begin PBXShellScriptBuildPhase section */
		0C33E2EC25071CDB93370B8A /* [CP] Embed Pods Frameworks */ = {
			isa = PBXShellScriptBuildPhase;
			buildActionMask = 2147483647;
			files = (
			);
			inputFileListPaths = (
				"${PODS_ROOT}/Target Support Files/Pods-PokemonApi15-PokemonApi15UITests/Pods-PokemonApi15-PokemonApi15UITests-frameworks-${CONFIGURATION}-input-files.xcfilelist",
			);
			name = "[CP] Embed Pods Frameworks";
			outputFileListPaths = (
				"${PODS_ROOT}/Target Support Files/Pods-PokemonApi15-PokemonApi15UITests/Pods-PokemonApi15-PokemonApi15UITests-frameworks-${CONFIGURATION}-output-files.xcfilelist",
			);
			runOnlyForDeploymentPostprocessing = 0;
			shellPath = /bin/sh;
			shellScript = "\"${PODS_ROOT}/Target Support Files/Pods-PokemonApi15-PokemonApi15UITests/Pods-PokemonApi15-PokemonApi15UITests-frameworks.sh\"\n";
			showEnvVarsInLog = 0;
		};
		4B98708C7AFBA64CD2DFBF70 /* [CP] Check Pods Manifest.lock */ = {
			isa = PBXShellScriptBuildPhase;
			buildActionMask = 2147483647;
			files = (
			);
			inputFileListPaths = (
			);
			inputPaths = (
				"${PODS_PODFILE_DIR_PATH}/Podfile.lock",
				"${PODS_ROOT}/Manifest.lock",
			);
			name = "[CP] Check Pods Manifest.lock";
			outputFileListPaths = (
			);
			outputPaths = (
				"$(DERIVED_FILE_DIR)/Pods-PokemonApi15-PokemonApi15UITests-checkManifestLockResult.txt",
			);
			runOnlyForDeploymentPostprocessing = 0;
			shellPath = /bin/sh;
			shellScript = "diff \"${PODS_PODFILE_DIR_PATH}/Podfile.lock\" \"${PODS_ROOT}/Manifest.lock\" > /dev/null\nif [ $? != 0 ] ; then\n    # print error to STDERR\n    echo \"error: The sandbox is not in sync with the Podfile.lock. Run 'pod install' or update your CocoaPods installation.\" >&2\n    exit 1\nfi\n# This output is used by Xcode 'outputs' to avoid re-running this script phase.\necho \"SUCCESS\" > \"${SCRIPT_OUTPUT_FILE_0}\"\n";
			showEnvVarsInLog = 0;
		};
		4C0CEFBFCAD404E5463E9947 /* [CP] Embed Pods Frameworks */ = {
			isa = PBXShellScriptBuildPhase;
			buildActionMask = 2147483647;
			files = (
			);
			inputFileListPaths = (
				"${PODS_ROOT}/Target Support Files/Pods-PokemonApi15/Pods-PokemonApi15-frameworks-${CONFIGURATION}-input-files.xcfilelist",
			);
			name = "[CP] Embed Pods Frameworks";
			outputFileListPaths = (
				"${PODS_ROOT}/Target Support Files/Pods-PokemonApi15/Pods-PokemonApi15-frameworks-${CONFIGURATION}-output-files.xcfilelist",
			);
			runOnlyForDeploymentPostprocessing = 0;
			shellPath = /bin/sh;
			shellScript = "\"${PODS_ROOT}/Target Support Files/Pods-PokemonApi15/Pods-PokemonApi15-frameworks.sh\"\n";
			showEnvVarsInLog = 0;
		};
		4DFE7B406B598949B4941641 /* [CP] Check Pods Manifest.lock */ = {
			isa = PBXShellScriptBuildPhase;
			buildActionMask = 2147483647;
			files = (
			);
			inputFileListPaths = (
			);
			inputPaths = (
				"${PODS_PODFILE_DIR_PATH}/Podfile.lock",
				"${PODS_ROOT}/Manifest.lock",
			);
			name = "[CP] Check Pods Manifest.lock";
			outputFileListPaths = (
			);
			outputPaths = (
				"$(DERIVED_FILE_DIR)/Pods-PokemonApi15Tests-checkManifestLockResult.txt",
			);
			runOnlyForDeploymentPostprocessing = 0;
			shellPath = /bin/sh;
			shellScript = "diff \"${PODS_PODFILE_DIR_PATH}/Podfile.lock\" \"${PODS_ROOT}/Manifest.lock\" > /dev/null\nif [ $? != 0 ] ; then\n    # print error to STDERR\n    echo \"error: The sandbox is not in sync with the Podfile.lock. Run 'pod install' or update your CocoaPods installation.\" >&2\n    exit 1\nfi\n# This output is used by Xcode 'outputs' to avoid re-running this script phase.\necho \"SUCCESS\" > \"${SCRIPT_OUTPUT_FILE_0}\"\n";
			showEnvVarsInLog = 0;
		};
		5F99D62DC3C6A31484308195 /* [CP] Check Pods Manifest.lock */ = {
			isa = PBXShellScriptBuildPhase;
			buildActionMask = 2147483647;
			files = (
			);
			inputFileListPaths = (
			);
			inputPaths = (
				"${PODS_PODFILE_DIR_PATH}/Podfile.lock",
				"${PODS_ROOT}/Manifest.lock",
			);
			name = "[CP] Check Pods Manifest.lock";
			outputFileListPaths = (
			);
			outputPaths = (
				"$(DERIVED_FILE_DIR)/Pods-PokemonApi15-checkManifestLockResult.txt",
			);
			runOnlyForDeploymentPostprocessing = 0;
			shellPath = /bin/sh;
			shellScript = "diff \"${PODS_PODFILE_DIR_PATH}/Podfile.lock\" \"${PODS_ROOT}/Manifest.lock\" > /dev/null\nif [ $? != 0 ] ; then\n    # print error to STDERR\n    echo \"error: The sandbox is not in sync with the Podfile.lock. Run 'pod install' or update your CocoaPods installation.\" >&2\n    exit 1\nfi\n# This output is used by Xcode 'outputs' to avoid re-running this script phase.\necho \"SUCCESS\" > \"${SCRIPT_OUTPUT_FILE_0}\"\n";
			showEnvVarsInLog = 0;
		};
/* End PBXShellScriptBuildPhase section */

/* Begin PBXSourcesBuildPhase section */
		943C0547280AF4B40099A440 /* Sources */ = {
			isa = PBXSourcesBuildPhase;
			buildActionMask = 2147483647;
			files = (
				943C0553280AF4B50099A440 /* PokemonListViewController.swift in Sources */,
				943C058D280AF7420099A440 /* Stat.swift in Sources */,
				943C05A1280AF81B0099A440 /* Crystal.swift in Sources */,
				943C05A5280AF8400099A440 /* RedBlue.swift in Sources */,
				94761BBC2814F9D400EBFF40 /* LoginViewController.swift in Sources */,
				943C0587280AF6670099A440 /* Result.swift in Sources */,
				943C0585280AF6280099A440 /* PokemonList.swift in Sources */,
				94493E8E2814343500D85E43 /* Request.swift in Sources */,
				943C05AF280AF8BD0099A440 /* GenerationV.swift in Sources */,
				943C0595280AF78E0099A440 /* DreamWorld.swift in Sources */,
				943C059D280AF7F50099A440 /* GenerationIii.swift in Sources */,
				943C05AD280AF8AA0099A440 /* GenerationIv.swift in Sources */,
				943C05B3280AF8E40099A440 /* Move.swift in Sources */,
				943C058B280AF7340099A440 /* TypeElement.swift in Sources */,
				943C0599280AF7D00099A440 /* Home.swift in Sources */,
				943C05A7280AF86B0099A440 /* GenerationI.swift in Sources */,
				94493E902814350700D85E43 /* PokemonListController.swift in Sources */,
				943C05B1280AF8D10099A440 /* VersionGroupDetail.swift in Sources */,
				943C05AB280AF8930099A440 /* Versions.swift in Sources */,
				94493E942814364600D85E43 /* PokemonListTableViewCell.swift in Sources */,
				943C05B9280AF91E0099A440 /* Ability.swift in Sources */,
				943C054F280AF4B50099A440 /* AppDelegate.swift in Sources */,
				943C0589280AF6C30099A440 /* DetailPokemon.swift in Sources */,
				943C059F280AF8060099A440 /* Gold.swift in Sources */,
				943C0597280AF7A40099A440 /* GenerationVii.swift in Sources */,
				943C05B7280AF90A0099A440 /* Species.swift in Sources */,
				943C0551280AF4B50099A440 /* SceneDelegate.swift in Sources */,
				94493E9728143BD700D85E43 /* DetailPokemonController.swift in Sources */,
				94493E9D2814943D00D85E43 /* LoginRequest.swift in Sources */,
				943C0593280AF77B0099A440 /* GenerationViii.swift in Sources */,
				94493E9F2814958400D85E43 /* LoginRequestController.swift in Sources */,
				943C0591280AF7680099A440 /* Other.swift in Sources */,
				943C05A9280AF8800099A440 /* Sprites.swift in Sources */,
				943C05B5280AF8F90099A440 /* GameIndex.swift in Sources */,
				943C05A3280AF82F0099A440 /* GenerationIi.swift in Sources */,
				94493E9B281454B400D85E43 /* DetailPokemonViewController.swift in Sources */,
				943C059B280AF7E10099A440 /* Emerald.swift in Sources */,
				943C058F280AF7550099A440 /* OfficialArtwork.swift in Sources */,
			);
			runOnlyForDeploymentPostprocessing = 0;
		};
		943C055D280AF4B70099A440 /* Sources */ = {
			isa = PBXSourcesBuildPhase;
			buildActionMask = 2147483647;
			files = (
				943C0566280AF4B70099A440 /* PokemonApi15Tests.swift in Sources */,
			);
			runOnlyForDeploymentPostprocessing = 0;
		};
		943C0567280AF4B70099A440 /* Sources */ = {
			isa = PBXSourcesBuildPhase;
			buildActionMask = 2147483647;
			files = (
				943C0570280AF4B70099A440 /* PokemonApi15UITests.swift in Sources */,
				943C0572280AF4B70099A440 /* PokemonApi15UITestsLaunchTests.swift in Sources */,
			);
			runOnlyForDeploymentPostprocessing = 0;
		};
/* End PBXSourcesBuildPhase section */

/* Begin PBXTargetDependency section */
		943C0563280AF4B70099A440 /* PBXTargetDependency */ = {
			isa = PBXTargetDependency;
			target = 943C054A280AF4B40099A440 /* PokemonApi15 */;
			targetProxy = 943C0562280AF4B70099A440 /* PBXContainerItemProxy */;
		};
		943C056D280AF4B70099A440 /* PBXTargetDependency */ = {
			isa = PBXTargetDependency;
			target = 943C054A280AF4B40099A440 /* PokemonApi15 */;
			targetProxy = 943C056C280AF4B70099A440 /* PBXContainerItemProxy */;
		};
/* End PBXTargetDependency section */

/* Begin PBXVariantGroup section */
		943C0554280AF4B50099A440 /* Main.storyboard */ = {
			isa = PBXVariantGroup;
			children = (
				943C0555280AF4B50099A440 /* Base */,
			);
			name = Main.storyboard;
			sourceTree = "<group>";
		};
		943C0559280AF4B70099A440 /* LaunchScreen.storyboard */ = {
			isa = PBXVariantGroup;
			children = (
				943C055A280AF4B70099A440 /* Base */,
			);
			name = LaunchScreen.storyboard;
			sourceTree = "<group>";
		};
/* End PBXVariantGroup section */

/* Begin XCBuildConfiguration section */
		943C0573280AF4B70099A440 /* Debug */ = {
			isa = XCBuildConfiguration;
			buildSettings = {
				ALWAYS_SEARCH_USER_PATHS = NO;
				CLANG_ANALYZER_NONNULL = YES;
				CLANG_ANALYZER_NUMBER_OBJECT_CONVERSION = YES_AGGRESSIVE;
				CLANG_CXX_LANGUAGE_STANDARD = "gnu++17";
				CLANG_ENABLE_MODULES = YES;
				CLANG_ENABLE_OBJC_ARC = YES;
				CLANG_ENABLE_OBJC_WEAK = YES;
				CLANG_WARN_BLOCK_CAPTURE_AUTORELEASING = YES;
				CLANG_WARN_BOOL_CONVERSION = YES;
				CLANG_WARN_COMMA = YES;
				CLANG_WARN_CONSTANT_CONVERSION = YES;
				CLANG_WARN_DEPRECATED_OBJC_IMPLEMENTATIONS = YES;
				CLANG_WARN_DIRECT_OBJC_ISA_USAGE = YES_ERROR;
				CLANG_WARN_DOCUMENTATION_COMMENTS = YES;
				CLANG_WARN_EMPTY_BODY = YES;
				CLANG_WARN_ENUM_CONVERSION = YES;
				CLANG_WARN_INFINITE_RECURSION = YES;
				CLANG_WARN_INT_CONVERSION = YES;
				CLANG_WARN_NON_LITERAL_NULL_CONVERSION = YES;
				CLANG_WARN_OBJC_IMPLICIT_RETAIN_SELF = YES;
				CLANG_WARN_OBJC_LITERAL_CONVERSION = YES;
				CLANG_WARN_OBJC_ROOT_CLASS = YES_ERROR;
				CLANG_WARN_QUOTED_INCLUDE_IN_FRAMEWORK_HEADER = YES;
				CLANG_WARN_RANGE_LOOP_ANALYSIS = YES;
				CLANG_WARN_STRICT_PROTOTYPES = YES;
				CLANG_WARN_SUSPICIOUS_MOVE = YES;
				CLANG_WARN_UNGUARDED_AVAILABILITY = YES_AGGRESSIVE;
				CLANG_WARN_UNREACHABLE_CODE = YES;
				CLANG_WARN__DUPLICATE_METHOD_MATCH = YES;
				COPY_PHASE_STRIP = NO;
				DEBUG_INFORMATION_FORMAT = dwarf;
				ENABLE_STRICT_OBJC_MSGSEND = YES;
				ENABLE_TESTABILITY = YES;
				GCC_C_LANGUAGE_STANDARD = gnu11;
				GCC_DYNAMIC_NO_PIC = NO;
				GCC_NO_COMMON_BLOCKS = YES;
				GCC_OPTIMIZATION_LEVEL = 0;
				GCC_PREPROCESSOR_DEFINITIONS = (
					"DEBUG=1",
					"$(inherited)",
				);
				GCC_WARN_64_TO_32_BIT_CONVERSION = YES;
				GCC_WARN_ABOUT_RETURN_TYPE = YES_ERROR;
				GCC_WARN_UNDECLARED_SELECTOR = YES;
				GCC_WARN_UNINITIALIZED_AUTOS = YES_AGGRESSIVE;
				GCC_WARN_UNUSED_FUNCTION = YES;
				GCC_WARN_UNUSED_VARIABLE = YES;
				IPHONEOS_DEPLOYMENT_TARGET = 15.4;
				MTL_ENABLE_DEBUG_INFO = INCLUDE_SOURCE;
				MTL_FAST_MATH = YES;
				ONLY_ACTIVE_ARCH = YES;
				SDKROOT = iphoneos;
				SWIFT_ACTIVE_COMPILATION_CONDITIONS = DEBUG;
				SWIFT_OPTIMIZATION_LEVEL = "-Onone";
			};
			name = Debug;
		};
		943C0574280AF4B70099A440 /* Release */ = {
			isa = XCBuildConfiguration;
			buildSettings = {
				ALWAYS_SEARCH_USER_PATHS = NO;
				CLANG_ANALYZER_NONNULL = YES;
				CLANG_ANALYZER_NUMBER_OBJECT_CONVERSION = YES_AGGRESSIVE;
				CLANG_CXX_LANGUAGE_STANDARD = "gnu++17";
				CLANG_ENABLE_MODULES = YES;
				CLANG_ENABLE_OBJC_ARC = YES;
				CLANG_ENABLE_OBJC_WEAK = YES;
				CLANG_WARN_BLOCK_CAPTURE_AUTORELEASING = YES;
				CLANG_WARN_BOOL_CONVERSION = YES;
				CLANG_WARN_COMMA = YES;
				CLANG_WARN_CONSTANT_CONVERSION = YES;
				CLANG_WARN_DEPRECATED_OBJC_IMPLEMENTATIONS = YES;
				CLANG_WARN_DIRECT_OBJC_ISA_USAGE = YES_ERROR;
				CLANG_WARN_DOCUMENTATION_COMMENTS = YES;
				CLANG_WARN_EMPTY_BODY = YES;
				CLANG_WARN_ENUM_CONVERSION = YES;
				CLANG_WARN_INFINITE_RECURSION = YES;
				CLANG_WARN_INT_CONVERSION = YES;
				CLANG_WARN_NON_LITERAL_NULL_CONVERSION = YES;
				CLANG_WARN_OBJC_IMPLICIT_RETAIN_SELF = YES;
				CLANG_WARN_OBJC_LITERAL_CONVERSION = YES;
				CLANG_WARN_OBJC_ROOT_CLASS = YES_ERROR;
				CLANG_WARN_QUOTED_INCLUDE_IN_FRAMEWORK_HEADER = YES;
				CLANG_WARN_RANGE_LOOP_ANALYSIS = YES;
				CLANG_WARN_STRICT_PROTOTYPES = YES;
				CLANG_WARN_SUSPICIOUS_MOVE = YES;
				CLANG_WARN_UNGUARDED_AVAILABILITY = YES_AGGRESSIVE;
				CLANG_WARN_UNREACHABLE_CODE = YES;
				CLANG_WARN__DUPLICATE_METHOD_MATCH = YES;
				COPY_PHASE_STRIP = NO;
				DEBUG_INFORMATION_FORMAT = "dwarf-with-dsym";
				ENABLE_NS_ASSERTIONS = NO;
				ENABLE_STRICT_OBJC_MSGSEND = YES;
				GCC_C_LANGUAGE_STANDARD = gnu11;
				GCC_NO_COMMON_BLOCKS = YES;
				GCC_WARN_64_TO_32_BIT_CONVERSION = YES;
				GCC_WARN_ABOUT_RETURN_TYPE = YES_ERROR;
				GCC_WARN_UNDECLARED_SELECTOR = YES;
				GCC_WARN_UNINITIALIZED_AUTOS = YES_AGGRESSIVE;
				GCC_WARN_UNUSED_FUNCTION = YES;
				GCC_WARN_UNUSED_VARIABLE = YES;
				IPHONEOS_DEPLOYMENT_TARGET = 15.4;
				MTL_ENABLE_DEBUG_INFO = NO;
				MTL_FAST_MATH = YES;
				SDKROOT = iphoneos;
				SWIFT_COMPILATION_MODE = wholemodule;
				SWIFT_OPTIMIZATION_LEVEL = "-O";
				VALIDATE_PRODUCT = YES;
			};
			name = Release;
		};
		943C0576280AF4B70099A440 /* Debug */ = {
			isa = XCBuildConfiguration;
			baseConfigurationReference = D8D7021A85FA7BFBF46BB2C3 /* Pods-PokemonApi15.debug.xcconfig */;
			buildSettings = {
				ASSETCATALOG_COMPILER_APPICON_NAME = AppIcon;
				ASSETCATALOG_COMPILER_GLOBAL_ACCENT_COLOR_NAME = AccentColor;
				CODE_SIGN_STYLE = Automatic;
				CURRENT_PROJECT_VERSION = 1;
				DEVELOPMENT_TEAM = J765B4983W;
				GENERATE_INFOPLIST_FILE = YES;
				INFOPLIST_FILE = PokemonApi15/Info.plist;
				INFOPLIST_KEY_UIApplicationSupportsIndirectInputEvents = YES;
				INFOPLIST_KEY_UILaunchStoryboardName = LaunchScreen;
				INFOPLIST_KEY_UIMainStoryboardFile = Main;
				INFOPLIST_KEY_UISupportedInterfaceOrientations_iPad = "UIInterfaceOrientationPortrait UIInterfaceOrientationPortraitUpsideDown UIInterfaceOrientationLandscapeLeft UIInterfaceOrientationLandscapeRight";
				INFOPLIST_KEY_UISupportedInterfaceOrientations_iPhone = "UIInterfaceOrientationPortrait UIInterfaceOrientationLandscapeLeft UIInterfaceOrientationLandscapeRight";
				LD_RUNPATH_SEARCH_PATHS = (
					"$(inherited)",
					"@executable_path/Frameworks",
				);
				MARKETING_VERSION = 1.0;
				PRODUCT_BUNDLE_IDENTIFIER = giba.PokemonApi15;
				PRODUCT_NAME = "$(TARGET_NAME)";
				SWIFT_EMIT_LOC_STRINGS = YES;
				SWIFT_VERSION = 5.0;
				TARGETED_DEVICE_FAMILY = "1,2";
			};
			name = Debug;
		};
		943C0577280AF4B70099A440 /* Release */ = {
			isa = XCBuildConfiguration;
			baseConfigurationReference = 380DF346888B5A0ABF1F502A /* Pods-PokemonApi15.release.xcconfig */;
			buildSettings = {
				ASSETCATALOG_COMPILER_APPICON_NAME = AppIcon;
				ASSETCATALOG_COMPILER_GLOBAL_ACCENT_COLOR_NAME = AccentColor;
				CODE_SIGN_STYLE = Automatic;
				CURRENT_PROJECT_VERSION = 1;
				DEVELOPMENT_TEAM = J765B4983W;
				GENERATE_INFOPLIST_FILE = YES;
				INFOPLIST_FILE = PokemonApi15/Info.plist;
				INFOPLIST_KEY_UIApplicationSupportsIndirectInputEvents = YES;
				INFOPLIST_KEY_UILaunchStoryboardName = LaunchScreen;
				INFOPLIST_KEY_UIMainStoryboardFile = Main;
				INFOPLIST_KEY_UISupportedInterfaceOrientations_iPad = "UIInterfaceOrientationPortrait UIInterfaceOrientationPortraitUpsideDown UIInterfaceOrientationLandscapeLeft UIInterfaceOrientationLandscapeRight";
				INFOPLIST_KEY_UISupportedInterfaceOrientations_iPhone = "UIInterfaceOrientationPortrait UIInterfaceOrientationLandscapeLeft UIInterfaceOrientationLandscapeRight";
				LD_RUNPATH_SEARCH_PATHS = (
					"$(inherited)",
					"@executable_path/Frameworks",
				);
				MARKETING_VERSION = 1.0;
				PRODUCT_BUNDLE_IDENTIFIER = giba.PokemonApi15;
				PRODUCT_NAME = "$(TARGET_NAME)";
				SWIFT_EMIT_LOC_STRINGS = YES;
				SWIFT_VERSION = 5.0;
				TARGETED_DEVICE_FAMILY = "1,2";
			};
			name = Release;
		};
		943C0579280AF4B70099A440 /* Debug */ = {
			isa = XCBuildConfiguration;
			baseConfigurationReference = E8E41CB865B46686FAB35941 /* Pods-PokemonApi15Tests.debug.xcconfig */;
			buildSettings = {
				ALWAYS_EMBED_SWIFT_STANDARD_LIBRARIES = YES;
				BUNDLE_LOADER = "$(TEST_HOST)";
				CODE_SIGN_STYLE = Automatic;
				CURRENT_PROJECT_VERSION = 1;
				DEVELOPMENT_TEAM = J765B4983W;
				GENERATE_INFOPLIST_FILE = YES;
				IPHONEOS_DEPLOYMENT_TARGET = 15.4;
				MARKETING_VERSION = 1.0;
				PRODUCT_BUNDLE_IDENTIFIER = giba.PokemonApi15Tests;
				PRODUCT_NAME = "$(TARGET_NAME)";
				SWIFT_EMIT_LOC_STRINGS = NO;
				SWIFT_VERSION = 5.0;
				TARGETED_DEVICE_FAMILY = "1,2";
				TEST_HOST = "$(BUILT_PRODUCTS_DIR)/PokemonApi15.app/PokemonApi15";
			};
			name = Debug;
		};
		943C057A280AF4B70099A440 /* Release */ = {
			isa = XCBuildConfiguration;
			baseConfigurationReference = 313A55A07323F1C9802B9A32 /* Pods-PokemonApi15Tests.release.xcconfig */;
			buildSettings = {
				ALWAYS_EMBED_SWIFT_STANDARD_LIBRARIES = YES;
				BUNDLE_LOADER = "$(TEST_HOST)";
				CODE_SIGN_STYLE = Automatic;
				CURRENT_PROJECT_VERSION = 1;
				DEVELOPMENT_TEAM = J765B4983W;
				GENERATE_INFOPLIST_FILE = YES;
				IPHONEOS_DEPLOYMENT_TARGET = 15.4;
				MARKETING_VERSION = 1.0;
				PRODUCT_BUNDLE_IDENTIFIER = giba.PokemonApi15Tests;
				PRODUCT_NAME = "$(TARGET_NAME)";
				SWIFT_EMIT_LOC_STRINGS = NO;
				SWIFT_VERSION = 5.0;
				TARGETED_DEVICE_FAMILY = "1,2";
				TEST_HOST = "$(BUILT_PRODUCTS_DIR)/PokemonApi15.app/PokemonApi15";
			};
			name = Release;
		};
		943C057C280AF4B70099A440 /* Debug */ = {
			isa = XCBuildConfiguration;
			baseConfigurationReference = 2F7752E6EFB72E323FA2231C /* Pods-PokemonApi15-PokemonApi15UITests.debug.xcconfig */;
			buildSettings = {
				ALWAYS_EMBED_SWIFT_STANDARD_LIBRARIES = YES;
				CODE_SIGN_STYLE = Automatic;
				CURRENT_PROJECT_VERSION = 1;
				DEVELOPMENT_TEAM = J765B4983W;
				GENERATE_INFOPLIST_FILE = YES;
				MARKETING_VERSION = 1.0;
				PRODUCT_BUNDLE_IDENTIFIER = giba.PokemonApi15UITests;
				PRODUCT_NAME = "$(TARGET_NAME)";
				SWIFT_EMIT_LOC_STRINGS = NO;
				SWIFT_VERSION = 5.0;
				TARGETED_DEVICE_FAMILY = "1,2";
				TEST_TARGET_NAME = PokemonApi15;
			};
			name = Debug;
		};
		943C057D280AF4B70099A440 /* Release */ = {
			isa = XCBuildConfiguration;
			baseConfigurationReference = 1C108722983FA44D6913C0BE /* Pods-PokemonApi15-PokemonApi15UITests.release.xcconfig */;
			buildSettings = {
				ALWAYS_EMBED_SWIFT_STANDARD_LIBRARIES = YES;
				CODE_SIGN_STYLE = Automatic;
				CURRENT_PROJECT_VERSION = 1;
				DEVELOPMENT_TEAM = J765B4983W;
				GENERATE_INFOPLIST_FILE = YES;
				MARKETING_VERSION = 1.0;
				PRODUCT_BUNDLE_IDENTIFIER = giba.PokemonApi15UITests;
				PRODUCT_NAME = "$(TARGET_NAME)";
				SWIFT_EMIT_LOC_STRINGS = NO;
				SWIFT_VERSION = 5.0;
				TARGETED_DEVICE_FAMILY = "1,2";
				TEST_TARGET_NAME = PokemonApi15;
			};
			name = Release;
		};
/* End XCBuildConfiguration section */

/* Begin XCConfigurationList section */
		943C0546280AF4B40099A440 /* Build configuration list for PBXProject "PokemonApi15" */ = {
			isa = XCConfigurationList;
			buildConfigurations = (
				943C0573280AF4B70099A440 /* Debug */,
				943C0574280AF4B70099A440 /* Release */,
			);
			defaultConfigurationIsVisible = 0;
			defaultConfigurationName = Release;
		};
		943C0575280AF4B70099A440 /* Build configuration list for PBXNativeTarget "PokemonApi15" */ = {
			isa = XCConfigurationList;
			buildConfigurations = (
				943C0576280AF4B70099A440 /* Debug */,
				943C0577280AF4B70099A440 /* Release */,
			);
			defaultConfigurationIsVisible = 0;
			defaultConfigurationName = Release;
		};
		943C0578280AF4B70099A440 /* Build configuration list for PBXNativeTarget "PokemonApi15Tests" */ = {
			isa = XCConfigurationList;
			buildConfigurations = (
				943C0579280AF4B70099A440 /* Debug */,
				943C057A280AF4B70099A440 /* Release */,
			);
			defaultConfigurationIsVisible = 0;
			defaultConfigurationName = Release;
		};
		943C057B280AF4B70099A440 /* Build configuration list for PBXNativeTarget "PokemonApi15UITests" */ = {
			isa = XCConfigurationList;
			buildConfigurations = (
				943C057C280AF4B70099A440 /* Debug */,
				943C057D280AF4B70099A440 /* Release */,
			);
			defaultConfigurationIsVisible = 0;
			defaultConfigurationName = Release;
		};
/* End XCConfigurationList section */
	};
	rootObject = 943C0543280AF4B40099A440 /* Project object */;
}
